
Microsoft Visual Studio Solution File, Format Version 12.00
# Visual Studio Version 17
VisualStudioVersion = 17.14.36518.9 d17.14
MinimumVisualStudioVersion = 10.0.40219.1
Project("{FAE04EC0-301F-11D3-BF4B-00C04F79EFBC}") = "PotsAndPans", "PotsAndPans\PotsAndPans.csproj", "{40858A72-9C6F-42E1-A1C3-FAF9875ED89E}"
EndProject
Global
	GlobalSection(SolutionConfigurationPlatforms) = preSolution
		Debug|Any CPU = Debug|Any CPU
		Release|Any CPU = Release|Any CPU
	EndGlobalSection
	GlobalSection(ProjectConfigurationPlatforms) = postSolution
		{40858A72-9C6F-42E1-A1C3-FAF9875ED89E}.Debug|Any CPU.ActiveCfg = Debug|Any CPU
		{40858A72-9C6F-42E1-A1C3-FAF9875ED89E}.Debug|Any CPU.Build.0 = Debug|Any CPU
		{40858A72-9C6F-42E1-A1C3-FAF9875ED89E}.Release|Any CPU.ActiveCfg = Release|Any CPU
		{40858A72-9C6F-42E1-A1C3-FAF9875ED89E}.Release|Any CPU.Build.0 = Release|Any CPU
	EndGlobalSection
	GlobalSection(SolutionProperties) = preSolution
		HideSolutionNode = FALSE
	EndGlobalSection
	GlobalSection(ExtensibilityGlobals) = postSolution
		SolutionGuid = {1DE350EA-D5D5-4FC8-8E72-BF962D537A6B}
	EndGlobalSection
EndGlobal
